
Microsoft Visual Studio Solution File, Format Version 12.00
# Visual Studio 15
VisualStudioVersion = 15.0.27130.2026
MinimumVisualStudioVersion = 10.0.40219.1
Project("{FAE04EC0-301F-11D3-BF4B-00C04F79EFBC}") = "Inventario2.0", "Inventario2.0\Inventario2.0.csproj", "{700713A1-3159-4E08-9769-3E9694131142}"
EndProject
Global
	GlobalSection(SolutionConfigurationPlatforms) = preSolution
		Debug|Any CPU = Debug|Any CPU
		Release|Any CPU = Release|Any CPU
	EndGlobalSection
	GlobalSection(ProjectConfigurationPlatforms) = postSolution
		{700713A1-3159-4E08-9769-3E9694131142}.Debug|Any CPU.ActiveCfg = Debug|Any CPU
		{700713A1-3159-4E08-9769-3E9694131142}.Debug|Any CPU.Build.0 = Debug|Any CPU
		{700713A1-3159-4E08-9769-3E9694131142}.Release|Any CPU.ActiveCfg = Release|Any CPU
		{700713A1-3159-4E08-9769-3E9694131142}.Release|Any CPU.Build.0 = Release|Any CPU
	EndGlobalSection
	GlobalSection(SolutionProperties) = preSolution
		HideSolutionNode = FALSE
	EndGlobalSection
	GlobalSection(ExtensibilityGlobals) = postSolution
		SolutionGuid = {6F24EF86-1B5A-4037-8F41-01F2B1B3CBB1}
	EndGlobalSection
EndGlobal
